
Microsoft Visual Studio Solution File, Format Version 12.00
# Visual Studio 15
VisualStudioVersion = 15.0.26730.12
MinimumVisualStudioVersion = 10.0.40219.1
Project("{FAE04EC0-301F-11D3-BF4B-00C04F79EFBC}") = "TourAgency", "TourAgency\TourAgency.csproj", "{D39FC1AE-927B-4F10-B8E5-75FF529FAF1D}"
EndProject
Project("{FAE04EC0-301F-11D3-BF4B-00C04F79EFBC}") = "StorageAPI", "StorageAPI\StorageAPI.csproj", "{B7231289-3718-438C-B4DC-506A24D19DFC}"
EndProject
Project("{FAE04EC0-301F-11D3-BF4B-00C04F79EFBC}") = "SignalRChat", "SignalRChat\SignalRChat.csproj", "{F2263294-453B-4277-83CA-B6C3D85E0F7B}"
EndProject
Project("{FAE04EC0-301F-11D3-BF4B-00C04F79EFBC}") = "TourAgencyAdmin", "TourAgencyAdmin\TourAgencyAdmin.csproj", "{3A04F5BC-D31D-4284-BD39-2BB2FAE61956}"
EndProject
Project("{9A19103F-16F7-4668-BE54-9A1E7A4F7556}") = "AdminPanelTurBuro", "AdminPanelTurBuro\AdminPanelTurBuro.csproj", "{BBF71722-3C75-46E7-B5E6-38AA428821BE}"
EndProject
Project("{FAE04EC0-301F-11D3-BF4B-00C04F79EFBC}") = "AdminPanel", "AdminPanel\AdminPanel.csproj", "{D6CB036F-3CC8-494F-B3FE-BE27451D8508}"
EndProject
Project("{FAE04EC0-301F-11D3-BF4B-00C04F79EFBC}") = "ModelData", "ModelData\ModelData.csproj", "{40F9D765-771E-4F49-9B31-245E2F6D379A}"
EndProject
Project("{FAE04EC0-301F-11D3-BF4B-00C04F79EFBC}") = "Client", "Client\Client.csproj", "{51826167-EA89-486F-B6A2-81E39DB65F5E}"
EndProject
Project("{FAE04EC0-301F-11D3-BF4B-00C04F79EFBC}") = "VisitAPI", "VisitAPI\VisitAPI.csproj", "{188B5D67-AD61-4603-A444-EAFEBDDE3E37}"
EndProject
Global
	GlobalSection(SolutionConfigurationPlatforms) = preSolution
		Debug|Any CPU = Debug|Any CPU
		Debug|x64 = Debug|x64
		Debug|x86 = Debug|x86
		Release|Any CPU = Release|Any CPU
		Release|x64 = Release|x64
		Release|x86 = Release|x86
	EndGlobalSection
	GlobalSection(ProjectConfigurationPlatforms) = postSolution
		{D39FC1AE-927B-4F10-B8E5-75FF529FAF1D}.Debug|Any CPU.ActiveCfg = Debug|x64
		{D39FC1AE-927B-4F10-B8E5-75FF529FAF1D}.Debug|Any CPU.Build.0 = Debug|x64
		{D39FC1AE-927B-4F10-B8E5-75FF529FAF1D}.Debug|x64.ActiveCfg = Debug|x64
		{D39FC1AE-927B-4F10-B8E5-75FF529FAF1D}.Debug|x64.Build.0 = Debug|x64
		{D39FC1AE-927B-4F10-B8E5-75FF529FAF1D}.Debug|x86.ActiveCfg = Debug|Any CPU
		{D39FC1AE-927B-4F10-B8E5-75FF529FAF1D}.Debug|x86.Build.0 = Debug|Any CPU
		{D39FC1AE-927B-4F10-B8E5-75FF529FAF1D}.Release|Any CPU.ActiveCfg = Release|Any CPU
		{D39FC1AE-927B-4F10-B8E5-75FF529FAF1D}.Release|Any CPU.Build.0 = Release|Any CPU
		{D39FC1AE-927B-4F10-B8E5-75FF529FAF1D}.Release|x64.ActiveCfg = Release|x64
		{D39FC1AE-927B-4F10-B8E5-75FF529FAF1D}.Release|x64.Build.0 = Release|x64
		{D39FC1AE-927B-4F10-B8E5-75FF529FAF1D}.Release|x86.ActiveCfg = Release|Any CPU
		{D39FC1AE-927B-4F10-B8E5-75FF529FAF1D}.Release|x86.Build.0 = Release|Any CPU
		{B7231289-3718-438C-B4DC-506A24D19DFC}.Debug|Any CPU.ActiveCfg = Debug|Any CPU
		{B7231289-3718-438C-B4DC-506A24D19DFC}.Debug|Any CPU.Build.0 = Debug|Any CPU
		{B7231289-3718-438C-B4DC-506A24D19DFC}.Debug|x64.ActiveCfg = Debug|Any CPU
		{B7231289-3718-438C-B4DC-506A24D19DFC}.Debug|x64.Build.0 = Debug|Any CPU
		{B7231289-3718-438C-B4DC-506A24D19DFC}.Debug|x86.ActiveCfg = Debug|Any CPU
		{B7231289-3718-438C-B4DC-506A24D19DFC}.Debug|x86.Build.0 = Debug|Any CPU
		{B7231289-3718-438C-B4DC-506A24D19DFC}.Release|Any CPU.ActiveCfg = Release|Any CPU
		{B7231289-3718-438C-B4DC-506A24D19DFC}.Release|Any CPU.Build.0 = Release|Any CPU
		{B7231289-3718-438C-B4DC-506A24D19DFC}.Release|x64.ActiveCfg = Release|Any CPU
		{B7231289-3718-438C-B4DC-506A24D19DFC}.Release|x64.Build.0 = Release|Any CPU
		{B7231289-3718-438C-B4DC-506A24D19DFC}.Release|x86.ActiveCfg = Release|Any CPU
		{B7231289-3718-438C-B4DC-506A24D19DFC}.Release|x86.Build.0 = Release|Any CPU
		{F2263294-453B-4277-83CA-B6C3D85E0F7B}.Debug|Any CPU.ActiveCfg = Debug|Any CPU
		{F2263294-453B-4277-83CA-B6C3D85E0F7B}.Debug|Any CPU.Build.0 = Debug|Any CPU
		{F2263294-453B-4277-83CA-B6C3D85E0F7B}.Debug|x64.ActiveCfg = Debug|Any CPU
		{F2263294-453B-4277-83CA-B6C3D85E0F7B}.Debug|x64.Build.0 = Debug|Any CPU
		{F2263294-453B-4277-83CA-B6C3D85E0F7B}.Debug|x86.ActiveCfg = Debug|Any CPU
		{F2263294-453B-4277-83CA-B6C3D85E0F7B}.Debug|x86.Build.0 = Debug|Any CPU
		{F2263294-453B-4277-83CA-B6C3D85E0F7B}.Release|Any CPU.ActiveCfg = Release|Any CPU
		{F2263294-453B-4277-83CA-B6C3D85E0F7B}.Release|Any CPU.Build.0 = Release|Any CPU
		{F2263294-453B-4277-83CA-B6C3D85E0F7B}.Release|x64.ActiveCfg = Release|Any CPU
		{F2263294-453B-4277-83CA-B6C3D85E0F7B}.Release|x64.Build.0 = Release|Any CPU
		{F2263294-453B-4277-83CA-B6C3D85E0F7B}.Release|x86.ActiveCfg = Release|Any CPU
		{F2263294-453B-4277-83CA-B6C3D85E0F7B}.Release|x86.Build.0 = Release|Any CPU
		{3A04F5BC-D31D-4284-BD39-2BB2FAE61956}.Debug|Any CPU.ActiveCfg = Debug|Any CPU
		{3A04F5BC-D31D-4284-BD39-2BB2FAE61956}.Debug|Any CPU.Build.0 = Debug|Any CPU
		{3A04F5BC-D31D-4284-BD39-2BB2FAE61956}.Debug|x64.ActiveCfg = Debug|Any CPU
		{3A04F5BC-D31D-4284-BD39-2BB2FAE61956}.Debug|x64.Build.0 = Debug|Any CPU
		{3A04F5BC-D31D-4284-BD39-2BB2FAE61956}.Debug|x86.ActiveCfg = Debug|Any CPU
		{3A04F5BC-D31D-4284-BD39-2BB2FAE61956}.Debug|x86.Build.0 = Debug|Any CPU
		{3A04F5BC-D31D-4284-BD39-2BB2FAE61956}.Release|Any CPU.ActiveCfg = Release|Any CPU
		{3A04F5BC-D31D-4284-BD39-2BB2FAE61956}.Release|Any CPU.Build.0 = Release|Any CPU
		{3A04F5BC-D31D-4284-BD39-2BB2FAE61956}.Release|x64.ActiveCfg = Release|Any CPU
		{3A04F5BC-D31D-4284-BD39-2BB2FAE61956}.Release|x64.Build.0 = Release|Any CPU
		{3A04F5BC-D31D-4284-BD39-2BB2FAE61956}.Release|x86.ActiveCfg = Release|Any CPU
		{3A04F5BC-D31D-4284-BD39-2BB2FAE61956}.Release|x86.Build.0 = Release|Any CPU
		{BBF71722-3C75-46E7-B5E6-38AA428821BE}.Debug|Any CPU.ActiveCfg = Debug|Any CPU
		{BBF71722-3C75-46E7-B5E6-38AA428821BE}.Debug|Any CPU.Build.0 = Debug|Any CPU
		{BBF71722-3C75-46E7-B5E6-38AA428821BE}.Debug|x64.ActiveCfg = Debug|Any CPU
		{BBF71722-3C75-46E7-B5E6-38AA428821BE}.Debug|x64.Build.0 = Debug|Any CPU
		{BBF71722-3C75-46E7-B5E6-38AA428821BE}.Debug|x86.ActiveCfg = Debug|x86
		{BBF71722-3C75-46E7-B5E6-38AA428821BE}.Debug|x86.Build.0 = Debug|x86
		{BBF71722-3C75-46E7-B5E6-38AA428821BE}.Release|Any CPU.ActiveCfg = Release|Any CPU
		{BBF71722-3C75-46E7-B5E6-38AA428821BE}.Release|Any CPU.Build.0 = Release|Any CPU
		{BBF71722-3C75-46E7-B5E6-38AA428821BE}.Release|x64.ActiveCfg = Release|Any CPU
		{BBF71722-3C75-46E7-B5E6-38AA428821BE}.Release|x64.Build.0 = Release|Any CPU
		{BBF71722-3C75-46E7-B5E6-38AA428821BE}.Release|x86.ActiveCfg = Release|x86
		{BBF71722-3C75-46E7-B5E6-38AA428821BE}.Release|x86.Build.0 = Release|x86
		{D6CB036F-3CC8-494F-B3FE-BE27451D8508}.Debug|Any CPU.ActiveCfg = Debug|Any CPU
		{D6CB036F-3CC8-494F-B3FE-BE27451D8508}.Debug|Any CPU.Build.0 = Debug|Any CPU
		{D6CB036F-3CC8-494F-B3FE-BE27451D8508}.Debug|x64.ActiveCfg = Debug|Any CPU
		{D6CB036F-3CC8-494F-B3FE-BE27451D8508}.Debug|x64.Build.0 = Debug|Any CPU
		{D6CB036F-3CC8-494F-B3FE-BE27451D8508}.Debug|x86.ActiveCfg = Debug|Any CPU
		{D6CB036F-3CC8-494F-B3FE-BE27451D8508}.Debug|x86.Build.0 = Debug|Any CPU
		{D6CB036F-3CC8-494F-B3FE-BE27451D8508}.Release|Any CPU.ActiveCfg = Release|Any CPU
		{D6CB036F-3CC8-494F-B3FE-BE27451D8508}.Release|Any CPU.Build.0 = Release|Any CPU
		{D6CB036F-3CC8-494F-B3FE-BE27451D8508}.Release|x64.ActiveCfg = Release|Any CPU
		{D6CB036F-3CC8-494F-B3FE-BE27451D8508}.Release|x64.Build.0 = Release|Any CPU
		{D6CB036F-3CC8-494F-B3FE-BE27451D8508}.Release|x86.ActiveCfg = Release|Any CPU
		{D6CB036F-3CC8-494F-B3FE-BE27451D8508}.Release|x86.Build.0 = Release|Any CPU
		{40F9D765-771E-4F49-9B31-245E2F6D379A}.Debug|Any CPU.ActiveCfg = Debug|Any CPU
		{40F9D765-771E-4F49-9B31-245E2F6D379A}.Debug|Any CPU.Build.0 = Debug|Any CPU
		{40F9D765-771E-4F49-9B31-245E2F6D379A}.Debug|x64.ActiveCfg = Debug|Any CPU
		{40F9D765-771E-4F49-9B31-245E2F6D379A}.Debug|x64.Build.0 = Debug|Any CPU
		{40F9D765-771E-4F49-9B31-245E2F6D379A}.Debug|x86.ActiveCfg = Debug|Any CPU
		{40F9D765-771E-4F49-9B31-245E2F6D379A}.Debug|x86.Build.0 = Debug|Any CPU
		{40F9D765-771E-4F49-9B31-245E2F6D379A}.Release|Any CPU.ActiveCfg = Release|Any CPU
		{40F9D765-771E-4F49-9B31-245E2F6D379A}.Release|Any CPU.Build.0 = Release|Any CPU
		{40F9D765-771E-4F49-9B31-245E2F6D379A}.Release|x64.ActiveCfg = Release|Any CPU
		{40F9D765-771E-4F49-9B31-245E2F6D379A}.Release|x64.Build.0 = Release|Any CPU
		{40F9D765-771E-4F49-9B31-245E2F6D379A}.Release|x86.ActiveCfg = Release|Any CPU
		{40F9D765-771E-4F49-9B31-245E2F6D379A}.Release|x86.Build.0 = Release|Any CPU
		{51826167-EA89-486F-B6A2-81E39DB65F5E}.Debug|Any CPU.ActiveCfg = Debug|Any CPU
		{51826167-EA89-486F-B6A2-81E39DB65F5E}.Debug|Any CPU.Build.0 = Debug|Any CPU
		{51826167-EA89-486F-B6A2-81E39DB65F5E}.Debug|x64.ActiveCfg = Debug|x64
		{51826167-EA89-486F-B6A2-81E39DB65F5E}.Debug|x64.Build.0 = Debug|x64
		{51826167-EA89-486F-B6A2-81E39DB65F5E}.Debug|x86.ActiveCfg = Debug|Any CPU
		{51826167-EA89-486F-B6A2-81E39DB65F5E}.Debug|x86.Build.0 = Debug|Any CPU
		{51826167-EA89-486F-B6A2-81E39DB65F5E}.Release|Any CPU.ActiveCfg = Release|Any CPU
		{51826167-EA89-486F-B6A2-81E39DB65F5E}.Release|Any CPU.Build.0 = Release|Any CPU
		{51826167-EA89-486F-B6A2-81E39DB65F5E}.Release|x64.ActiveCfg = Release|x64
		{51826167-EA89-486F-B6A2-81E39DB65F5E}.Release|x64.Build.0 = Release|x64
		{51826167-EA89-486F-B6A2-81E39DB65F5E}.Release|x86.ActiveCfg = Release|Any CPU
		{51826167-EA89-486F-B6A2-81E39DB65F5E}.Release|x86.Build.0 = Release|Any CPU
		{188B5D67-AD61-4603-A444-EAFEBDDE3E37}.Debug|Any CPU.ActiveCfg = Debug|Any CPU
		{188B5D67-AD61-4603-A444-EAFEBDDE3E37}.Debug|Any CPU.Build.0 = Debug|Any CPU
		{188B5D67-AD61-4603-A444-EAFEBDDE3E37}.Debug|x64.ActiveCfg = Debug|Any CPU
		{188B5D67-AD61-4603-A444-EAFEBDDE3E37}.Debug|x64.Build.0 = Debug|Any CPU
		{188B5D67-AD61-4603-A444-EAFEBDDE3E37}.Debug|x86.ActiveCfg = Debug|Any CPU
		{188B5D67-AD61-4603-A444-EAFEBDDE3E37}.Debug|x86.Build.0 = Debug|Any CPU
		{188B5D67-AD61-4603-A444-EAFEBDDE3E37}.Release|Any CPU.ActiveCfg = Release|Any CPU
		{188B5D67-AD61-4603-A444-EAFEBDDE3E37}.Release|Any CPU.Build.0 = Release|Any CPU
		{188B5D67-AD61-4603-A444-EAFEBDDE3E37}.Release|x64.ActiveCfg = Release|Any CPU
		{188B5D67-AD61-4603-A444-EAFEBDDE3E37}.Release|x64.Build.0 = Release|Any CPU
		{188B5D67-AD61-4603-A444-EAFEBDDE3E37}.Release|x86.ActiveCfg = Release|Any CPU
		{188B5D67-AD61-4603-A444-EAFEBDDE3E37}.Release|x86.Build.0 = Release|Any CPU
	EndGlobalSection
	GlobalSection(SolutionProperties) = preSolution
		HideSolutionNode = FALSE
	EndGlobalSection
	GlobalSection(ExtensibilityGlobals) = postSolution
		SolutionGuid = {ED526291-0CFB-49AC-84F1-D3BAD5726205}
	EndGlobalSection
EndGlobal
